// !$*UTF8*$!
{
	archiveVersion = 1;
	classes = {
	};
	objectVersion = 46;
	objects = {

/* Begin PBXBuildFile section */
		7D9DC4081899C6C10046E107 /* Foundation.framework in Frameworks */ = {isa = PBXBuildFile; fileRef = 7D9DC4071899C6C10046E107 /* Foundation.framework */; };
		7D9DC40A1899C6C10046E107 /* CoreGraphics.framework in Frameworks */ = {isa = PBXBuildFile; fileRef = 7D9DC4091899C6C10046E107 /* CoreGraphics.framework */; };
		7D9DC40C1899C6C10046E107 /* UIKit.framework in Frameworks */ = {isa = PBXBuildFile; fileRef = 7D9DC40B1899C6C10046E107 /* UIKit.framework */; };
		7D9DC4121899C6C10046E107 /* InfoPlist.strings in Resources */ = {isa = PBXBuildFile; fileRef = 7D9DC4101899C6C10046E107 /* InfoPlist.strings */; };
		7D9DC4141899C6C10046E107 /* main.m in Sources */ = {isa = PBXBuildFile; fileRef = 7D9DC4131899C6C10046E107 /* main.m */; };
		7D9DC4181899C6C10046E107 /* AppDelegate.m in Sources */ = {isa = PBXBuildFile; fileRef = 7D9DC4171899C6C10046E107 /* AppDelegate.m */; };
		7D9DC41A1899C6C10046E107 /* Images.xcassets in Resources */ = {isa = PBXBuildFile; fileRef = 7D9DC4191899C6C10046E107 /* Images.xcassets */; };
		7D9DC4211899C6C10046E107 /* XCTest.framework in Frameworks */ = {isa = PBXBuildFile; fileRef = 7D9DC4201899C6C10046E107 /* XCTest.framework */; };
		7D9DC4221899C6C10046E107 /* Foundation.framework in Frameworks */ = {isa = PBXBuildFile; fileRef = 7D9DC4071899C6C10046E107 /* Foundation.framework */; };
		7D9DC4231899C6C10046E107 /* UIKit.framework in Frameworks */ = {isa = PBXBuildFile; fileRef = 7D9DC40B1899C6C10046E107 /* UIKit.framework */; };
		7D9DC42B1899C6C10046E107 /* InfoPlist.strings in Resources */ = {isa = PBXBuildFile; fileRef = 7D9DC4291899C6C10046E107 /* InfoPlist.strings */; };
		7D9DC42D1899C6C10046E107 /* AeropanoTests.m in Sources */ = {isa = PBXBuildFile; fileRef = 7D9DC42C1899C6C10046E107 /* AeropanoTests.m */; };
		7D9DC4381899CFFD0046E107 /* AeropanoTests-Info.plist in Resources */ = {isa = PBXBuildFile; fileRef = 7D9DC4371899C7900046E107 /* AeropanoTests-Info.plist */; };
/* End PBXBuildFile section */

/* Begin PBXContainerItemProxy section */
		7D9DC4241899C6C10046E107 /* PBXContainerItemProxy */ = {
			isa = PBXContainerItemProxy;
			containerPortal = 7D9DC3FC1899C6C10046E107 /* Project object */;
			proxyType = 1;
			remoteGlobalIDString = 7D9DC4031899C6C10046E107;
			remoteInfo = Aeropano;
		};
/* End PBXContainerItemProxy section */

/* Begin PBXFileReference section */
		7D9DC4041899C6C10046E107 /* Aeropano.app */ = {isa = PBXFileReference; explicitFileType = wrapper.application; includeInIndex = 0; path = Aeropano.app; sourceTree = BUILT_PRODUCTS_DIR; };
		7D9DC4071899C6C10046E107 /* Foundation.framework */ = {isa = PBXFileReference; lastKnownFileType = wrapper.framework; name = Foundation.framework; path = System/Library/Frameworks/Foundation.framework; sourceTree = SDKROOT; };
		7D9DC4091899C6C10046E107 /* CoreGraphics.framework */ = {isa = PBXFileReference; lastKnownFileType = wrapper.framework; name = CoreGraphics.framework; path = System/Library/Frameworks/CoreGraphics.framework; sourceTree = SDKROOT; };
		7D9DC40B1899C6C10046E107 /* UIKit.framework */ = {isa = PBXFileReference; lastKnownFileType = wrapper.framework; name = UIKit.framework; path = System/Library/Frameworks/UIKit.framework; sourceTree = SDKROOT; };
		7D9DC40F1899C6C10046E107 /* Aeropano-Info.plist */ = {isa = PBXFileReference; lastKnownFileType = text.plist.xml; path = "Aeropano-Info.plist"; sourceTree = "<group>"; };
		7D9DC4111899C6C10046E107 /* en */ = {isa = PBXFileReference; lastKnownFileType = text.plist.strings; name = en; path = en.lproj/InfoPlist.strings; sourceTree = "<group>"; };
		7D9DC4131899C6C10046E107 /* main.m */ = {isa = PBXFileReference; lastKnownFileType = sourcecode.c.objc; path = main.m; sourceTree = "<group>"; };
		7D9DC4151899C6C10046E107 /* Aeropano-Prefix.pch */ = {isa = PBXFileReference; lastKnownFileType = sourcecode.c.h; path = "Aeropano-Prefix.pch"; sourceTree = "<group>"; };
		7D9DC4161899C6C10046E107 /* AppDelegate.h */ = {isa = PBXFileReference; lastKnownFileType = sourcecode.c.h; path = AppDelegate.h; sourceTree = "<group>"; };
		7D9DC4171899C6C10046E107 /* AppDelegate.m */ = {isa = PBXFileReference; lastKnownFileType = sourcecode.c.objc; path = AppDelegate.m; sourceTree = "<group>"; };
		7D9DC4191899C6C10046E107 /* Images.xcassets */ = {isa = PBXFileReference; lastKnownFileType = folder.assetcatalog; path = Images.xcassets; sourceTree = "<group>"; };
		7D9DC41F1899C6C10046E107 /* AeropanoTests.xctest */ = {isa = PBXFileReference; explicitFileType = wrapper.cfbundle; includeInIndex = 0; path = AeropanoTests.xctest; sourceTree = BUILT_PRODUCTS_DIR; };
		7D9DC4201899C6C10046E107 /* XCTest.framework */ = {isa = PBXFileReference; lastKnownFileType = wrapper.framework; name = XCTest.framework; path = Library/Frameworks/XCTest.framework; sourceTree = DEVELOPER_DIR; };
		7D9DC42A1899C6C10046E107 /* en */ = {isa = PBXFileReference; lastKnownFileType = text.plist.strings; name = en; path = en.lproj/InfoPlist.strings; sourceTree = "<group>"; };
		7D9DC42C1899C6C10046E107 /* AeropanoTests.m */ = {isa = PBXFileReference; lastKnownFileType = sourcecode.c.objc; path = AeropanoTests.m; sourceTree = "<group>"; };
		7D9DC4361899C7900046E107 /* en */ = {isa = PBXFileReference; lastKnownFileType = text.plist.xml; name = en; path = "en.lproj/AeropanoTests-Info.plist"; sourceTree = "<group>"; };
/* End PBXFileReference section */

/* Begin PBXFrameworksBuildPhase section */
		7D9DC4011899C6C10046E107 /* Frameworks */ = {
			isa = PBXFrameworksBuildPhase;
			buildActionMask = 2147483647;
			files = (
				7D9DC40A1899C6C10046E107 /* CoreGraphics.framework in Frameworks */,
				7D9DC40C1899C6C10046E107 /* UIKit.framework in Frameworks */,
				7D9DC4081899C6C10046E107 /* Foundation.framework in Frameworks */,
			);
			runOnlyForDeploymentPostprocessing = 0;
		};
		7D9DC41C1899C6C10046E107 /* Frameworks */ = {
			isa = PBXFrameworksBuildPhase;
			buildActionMask = 2147483647;
			files = (
				7D9DC4211899C6C10046E107 /* XCTest.framework in Frameworks */,
				7D9DC4231899C6C10046E107 /* UIKit.framework in Frameworks */,
				7D9DC4221899C6C10046E107 /* Foundation.framework in Frameworks */,
			);
			runOnlyForDeploymentPostprocessing = 0;
		};
/* End PBXFrameworksBuildPhase section */

/* Begin PBXGroup section */
		7D9DC3FB1899C6C10046E107 = {
			isa = PBXGroup;
			children = (
				7D9DC40D1899C6C10046E107 /* Aeropano */,
				7D9DC4261899C6C10046E107 /* AeropanoTests */,
				7D9DC4061899C6C10046E107 /* Frameworks */,
				7D9DC4051899C6C10046E107 /* Products */,
			);
			sourceTree = "<group>";
		};
		7D9DC4051899C6C10046E107 /* Products */ = {
			isa = PBXGroup;
			children = (
				7D9DC4041899C6C10046E107 /* Aeropano.app */,
				7D9DC41F1899C6C10046E107 /* AeropanoTests.xctest */,
			);
			name = Products;
			sourceTree = "<group>";
		};
		7D9DC4061899C6C10046E107 /* Frameworks */ = {
			isa = PBXGroup;
			children = (
				7D9DC4071899C6C10046E107 /* Foundation.framework */,
				7D9DC4091899C6C10046E107 /* CoreGraphics.framework */,
				7D9DC40B1899C6C10046E107 /* UIKit.framework */,
				7D9DC4201899C6C10046E107 /* XCTest.framework */,
			);
			name = Frameworks;
			sourceTree = "<group>";
		};
		7D9DC40D1899C6C10046E107 /* Aeropano */ = {
			isa = PBXGroup;
			children = (
				7D9DC4161899C6C10046E107 /* AppDelegate.h */,
				7D9DC4171899C6C10046E107 /* AppDelegate.m */,
				7D9DC4191899C6C10046E107 /* Images.xcassets */,
				7D9DC40E1899C6C10046E107 /* Supporting Files */,
			);
			path = Aeropano;
			sourceTree = "<group>";
		};
		7D9DC40E1899C6C10046E107 /* Supporting Files */ = {
			isa = PBXGroup;
			children = (
				7D9DC40F1899C6C10046E107 /* Aeropano-Info.plist */,
				7D9DC4101899C6C10046E107 /* InfoPlist.strings */,
				7D9DC4131899C6C10046E107 /* main.m */,
				7D9DC4151899C6C10046E107 /* Aeropano-Prefix.pch */,
			);
			name = "Supporting Files";
			sourceTree = "<group>";
		};
		7D9DC4261899C6C10046E107 /* AeropanoTests */ = {
			isa = PBXGroup;
			children = (
				7D9DC42C1899C6C10046E107 /* AeropanoTests.m */,
				7D9DC4271899C6C10046E107 /* Supporting Files */,
			);
			path = AeropanoTests;
			sourceTree = "<group>";
		};
		7D9DC4271899C6C10046E107 /* Supporting Files */ = {
			isa = PBXGroup;
			children = (
				7D9DC4371899C7900046E107 /* AeropanoTests-Info.plist */,
				7D9DC4291899C6C10046E107 /* InfoPlist.strings */,
			);
			name = "Supporting Files";
			sourceTree = "<group>";
		};
/* End PBXGroup section */

/* Begin PBXNativeTarget section */
		7D9DC4031899C6C10046E107 /* Aeropano */ = {
			isa = PBXNativeTarget;
			buildConfigurationList = 7D9DC4301899C6C10046E107 /* Build configuration list for PBXNativeTarget "Aeropano" */;
			buildPhases = (
				7D9DC4001899C6C10046E107 /* Sources */,
				7D9DC4011899C6C10046E107 /* Frameworks */,
				7D9DC4021899C6C10046E107 /* Resources */,
			);
			buildRules = (
			);
			dependencies = (
			);
			name = Aeropano;
			productName = Aeropano;
			productReference = 7D9DC4041899C6C10046E107 /* Aeropano.app */;
			productType = "com.apple.product-type.application";
		};
		7D9DC41E1899C6C10046E107 /* AeropanoTests */ = {
			isa = PBXNativeTarget;
			buildConfigurationList = 7D9DC4331899C6C10046E107 /* Build configuration list for PBXNativeTarget "AeropanoTests" */;
			buildPhases = (
				7D9DC41B1899C6C10046E107 /* Sources */,
				7D9DC41C1899C6C10046E107 /* Frameworks */,
				7D9DC41D1899C6C10046E107 /* Resources */,
			);
			buildRules = (
			);
			dependencies = (
				7D9DC4251899C6C10046E107 /* PBXTargetDependency */,
			);
			name = AeropanoTests;
			productName = AeropanoTests;
			productReference = 7D9DC41F1899C6C10046E107 /* AeropanoTests.xctest */;
			productType = "com.apple.product-type.bundle.unit-test";
		};
/* End PBXNativeTarget section */

/* Begin PBXProject section */
		7D9DC3FC1899C6C10046E107 /* Project object */ = {
			isa = PBXProject;
			attributes = {
				LastUpgradeCheck = 0500;
				ORGANIZATIONNAME = "Felipe Gonzalez";
				TargetAttributes = {
					7D9DC41E1899C6C10046E107 = {
						TestTargetID = 7D9DC4031899C6C10046E107;
					};
				};
			};
			buildConfigurationList = 7D9DC3FF1899C6C10046E107 /* Build configuration list for PBXProject "Aeropano" */;
			compatibilityVersion = "Xcode 3.2";
			developmentRegion = English;
			hasScannedForEncodings = 0;
			knownRegions = (
				en,
			);
			mainGroup = 7D9DC3FB1899C6C10046E107;
			productRefGroup = 7D9DC4051899C6C10046E107 /* Products */;
			projectDirPath = "";
			projectRoot = "";
			targets = (
				7D9DC4031899C6C10046E107 /* Aeropano */,
				7D9DC41E1899C6C10046E107 /* AeropanoTests */,
			);
		};
/* End PBXProject section */

/* Begin PBXResourcesBuildPhase section */
		7D9DC4021899C6C10046E107 /* Resources */ = {
			isa = PBXResourcesBuildPhase;
			buildActionMask = 2147483647;
			files = (
				7D9DC4121899C6C10046E107 /* InfoPlist.strings in Resources */,
				7D9DC41A1899C6C10046E107 /* Images.xcassets in Resources */,
				7D9DC4381899CFFD0046E107 /* AeropanoTests-Info.plist in Resources */,
			);
			runOnlyForDeploymentPostprocessing = 0;
		};
		7D9DC41D1899C6C10046E107 /* Resources */ = {
			isa = PBXResourcesBuildPhase;
			buildActionMask = 2147483647;
			files = (
				7D9DC42B1899C6C10046E107 /* InfoPlist.strings in Resources */,
			);
			runOnlyForDeploymentPostprocessing = 0;
		};
/* End PBXResourcesBuildPhase section */

/* Begin PBXSourcesBuildPhase section */
		7D9DC4001899C6C10046E107 /* Sources */ = {
			isa = PBXSourcesBuildPhase;
			buildActionMask = 2147483647;
			files = (
				7D9DC4181899C6C10046E107 /* AppDelegate.m in Sources */,
				7D9DC4141899C6C10046E107 /* main.m in Sources */,
			);
			runOnlyForDeploymentPostprocessing = 0;
		};
		7D9DC41B1899C6C10046E107 /* Sources */ = {
			isa = PBXSourcesBuildPhase;
			buildActionMask = 2147483647;
			files = (
				7D9DC42D1899C6C10046E107 /* AeropanoTests.m in Sources */,
			);
			runOnlyForDeploymentPostprocessing = 0;
		};
/* End PBXSourcesBuildPhase section */

/* Begin PBXTargetDependency section */
		7D9DC4251899C6C10046E107 /* PBXTargetDependency */ = {
			isa = PBXTargetDependency;
			target = 7D9DC4031899C6C10046E107 /* Aeropano */;
			targetProxy = 7D9DC4241899C6C10046E107 /* PBXContainerItemProxy */;
		};
/* End PBXTargetDependency section */

/* Begin PBXVariantGroup section */
		7D9DC4101899C6C10046E107 /* InfoPlist.strings */ = {
			isa = PBXVariantGroup;
			children = (
				7D9DC4111899C6C10046E107 /* en */,
			);
			name = InfoPlist.strings;
			sourceTree = "<group>";
		};
		7D9DC4291899C6C10046E107 /* InfoPlist.strings */ = {
			isa = PBXVariantGroup;
			children = (
				7D9DC42A1899C6C10046E107 /* en */,
			);
			name = InfoPlist.strings;
			sourceTree = "<group>";
		};
		7D9DC4371899C7900046E107 /* AeropanoTests-Info.plist */ = {
			isa = PBXVariantGroup;
			children = (
				7D9DC4361899C7900046E107 /* en */,
			);
			name = "AeropanoTests-Info.plist";
			sourceTree = "<group>";
		};
/* End PBXVariantGroup section */

/* Begin XCBuildConfiguration section */
		7D9DC42E1899C6C10046E107 /* Debug */ = {
			isa = XCBuildConfiguration;
			buildSettings = {
				ALWAYS_SEARCH_USER_PATHS = NO;
				ARCHS = "$(ARCHS_STANDARD_INCLUDING_64_BIT)";
				CLANG_CXX_LANGUAGE_STANDARD = "gnu++0x";
				CLANG_CXX_LIBRARY = "libc++";
				CLANG_ENABLE_MODULES = YES;
				CLANG_ENABLE_OBJC_ARC = YES;
				CLANG_WARN_BOOL_CONVERSION = YES;
				CLANG_WARN_CONSTANT_CONVERSION = YES;
				CLANG_WARN_DIRECT_OBJC_ISA_USAGE = YES_ERROR;
				CLANG_WARN_EMPTY_BODY = YES;
				CLANG_WARN_ENUM_CONVERSION = YES;
				CLANG_WARN_INT_CONVERSION = YES;
				CLANG_WARN_OBJC_ROOT_CLASS = YES_ERROR;
				CLANG_WARN__DUPLICATE_METHOD_MATCH = YES;
				"CODE_SIGN_IDENTITY[sdk=iphoneos*]" = "iPhone Developer";
				COPY_PHASE_STRIP = NO;
				GCC_C_LANGUAGE_STANDARD = gnu99;
				GCC_DYNAMIC_NO_PIC = NO;
				GCC_OPTIMIZATION_LEVEL = 0;
				GCC_PREPROCESSOR_DEFINITIONS = (
					"DEBUG=1",
					"$(inherited)",
				);
				GCC_SYMBOLS_PRIVATE_EXTERN = NO;
				GCC_WARN_64_TO_32_BIT_CONVERSION = YES;
				GCC_WARN_ABOUT_RETURN_TYPE = YES_ERROR;
				GCC_WARN_UNDECLARED_SELECTOR = YES;
				GCC_WARN_UNINITIALIZED_AUTOS = YES;
				GCC_WARN_UNUSED_FUNCTION = YES;
				GCC_WARN_UNUSED_VARIABLE = YES;
				IPHONEOS_DEPLOYMENT_TARGET = 7.0;
				ONLY_ACTIVE_ARCH = YES;
				SDKROOT = iphoneos;
				TARGETED_DEVICE_FAMILY = 2;
			};
			name = Debug;
		};
		7D9DC42F1899C6C10046E107 /* Release */ = {
			isa = XCBuildConfiguration;
			buildSettings = {
				ALWAYS_SEARCH_USER_PATHS = NO;
				ARCHS = "$(ARCHS_STANDARD_INCLUDING_64_BIT)";
				CLANG_CXX_LANGUAGE_STANDARD = "gnu++0x";
				CLANG_CXX_LIBRARY = "libc++";
				CLANG_ENABLE_MODULES = YES;
				CLANG_ENABLE_OBJC_ARC = YES;
				CLANG_WARN_BOOL_CONVERSION = YES;
				CLANG_WARN_CONSTANT_CONVERSION = YES;
				CLANG_WARN_DIRECT_OBJC_ISA_USAGE = YES_ERROR;
				CLANG_WARN_EMPTY_BODY = YES;
				CLANG_WARN_ENUM_CONVERSION = YES;
				CLANG_WARN_INT_CONVERSION = YES;
				CLANG_WARN_OBJC_ROOT_CLASS = YES_ERROR;
				CLANG_WARN__DUPLICATE_METHOD_MATCH = YES;
				"CODE_SIGN_IDENTITY[sdk=iphoneos*]" = "iPhone Developer";
				COPY_PHASE_STRIP = YES;
				ENABLE_NS_ASSERTIONS = NO;
				GCC_C_LANGUAGE_STANDARD = gnu99;
				GCC_WARN_64_TO_32_BIT_CONVERSION = YES;
				GCC_WARN_ABOUT_RETURN_TYPE = YES_ERROR;
				GCC_WARN_UNDECLARED_SELECTOR = YES;
				GCC_WARN_UNINITIALIZED_AUTOS = YES;
				GCC_WARN_UNUSED_FUNCTION = YES;
				GCC_WARN_UNUSED_VARIABLE = YES;
				IPHONEOS_DEPLOYMENT_TARGET = 7.0;
				SDKROOT = iphoneos;
				TARGETED_DEVICE_FAMILY = 2;
				VALIDATE_PRODUCT = YES;
			};
			name = Release;
		};
		7D9DC4311899C6C10046E107 /* Debug */ = {
			isa = XCBuildConfiguration;
			buildSettings = {
				ASSETCATALOG_COMPILER_APPICON_NAME = AppIcon;
				ASSETCATALOG_COMPILER_LAUNCHIMAGE_NAME = LaunchImage;
				GCC_PRECOMPILE_PREFIX_HEADER = YES;
				GCC_PREFIX_HEADER = "Aeropano/Aeropano-Prefix.pch";
				INFOPLIST_FILE = "Aeropano/Aeropano-Info.plist";
				PRODUCT_NAME = "$(TARGET_NAME)";
				WRAPPER_EXTENSION = app;
			};
			name = Debug;
		};
		7D9DC4321899C6C10046E107 /* Release */ = {
			isa = XCBuildConfiguration;
			buildSettings = {
				ASSETCATALOG_COMPILER_APPICON_NAME = AppIcon;
				ASSETCATALOG_COMPILER_LAUNCHIMAGE_NAME = LaunchImage;
				GCC_PRECOMPILE_PREFIX_HEADER = YES;
				GCC_PREFIX_HEADER = "Aeropano/Aeropano-Prefix.pch";
				INFOPLIST_FILE = "Aeropano/Aeropano-Info.plist";
				PRODUCT_NAME = "$(TARGET_NAME)";
				WRAPPER_EXTENSION = app;
			};
			name = Release;
		};
		7D9DC4341899C6C10046E107 /* Debug */ = {
			isa = XCBuildConfiguration;
			buildSettings = {
				ARCHS = "$(ARCHS_STANDARD_INCLUDING_64_BIT)";
				BUNDLE_LOADER = "$(BUILT_PRODUCTS_DIR)/Aeropano.app/Aeropano";
				FRAMEWORK_SEARCH_PATHS = (
					"$(SDKROOT)/Developer/Library/Frameworks",
					"$(inherited)",
					"$(DEVELOPER_FRAMEWORKS_DIR)",
				);
				GCC_PRECOMPILE_PREFIX_HEADER = YES;
				GCC_PREFIX_HEADER = "Aeropano/Aeropano-Prefix.pch";
				GCC_PREPROCESSOR_DEFINITIONS = (
					"DEBUG=1",
					"$(inherited)",
				);
				INFOPLIST_FILE = "AeropanoTests/AeropanoTests-Info.plist";
				PRODUCT_NAME = "$(TARGET_NAME)";
				TEST_HOST = "$(BUNDLE_LOADER)";
				WRAPPER_EXTENSION = xctest;
			};
			name = Debug;
		};
		7D9DC4351899C6C10046E107 /* Release */ = {
			isa = XCBuildConfiguration;
			buildSettings = {
				ARCHS = "$(ARCHS_STANDARD_INCLUDING_64_BIT)";
				BUNDLE_LOADER = "$(BUILT_PRODUCTS_DIR)/Aeropano.app/Aeropano";
				FRAMEWORK_SEARCH_PATHS = (
					"$(SDKROOT)/Developer/Library/Frameworks",
					"$(inherited)",
					"$(DEVELOPER_FRAMEWORKS_DIR)",
				);
				GCC_PRECOMPILE_PREFIX_HEADER = YES;
				GCC_PREFIX_HEADER = "Aeropano/Aeropano-Prefix.pch";
				INFOPLIST_FILE = "AeropanoTests/AeropanoTests-Info.plist";
				PRODUCT_NAME = "$(TARGET_NAME)";
				TEST_HOST = "$(BUNDLE_LOADER)";
				WRAPPER_EXTENSION = xctest;
			};
			name = Release;
		};
/* End XCBuildConfiguration section */

/* Begin XCConfigurationList section */
		7D9DC3FF1899C6C10046E107 /* Build configuration list for PBXProject "Aeropano" */ = {
			isa = XCConfigurationList;
			buildConfigurations = (
				7D9DC42E1899C6C10046E107 /* Debug */,
				7D9DC42F1899C6C10046E107 /* Release */,
			);
			defaultConfigurationIsVisible = 0;
			defaultConfigurationName = Release;
		};
		7D9DC4301899C6C10046E107 /* Build configuration list for PBXNativeTarget "Aeropano" */ = {
			isa = XCConfigurationList;
			buildConfigurations = (
				7D9DC4311899C6C10046E107 /* Debug */,
				7D9DC4321899C6C10046E107 /* Release */,
			);
			defaultConfigurationIsVisible = 0;
			defaultConfigurationName = Release;
		};
		7D9DC4331899C6C10046E107 /* Build configuration list for PBXNativeTarget "AeropanoTests" */ = {
			isa = XCConfigurationList;
			buildConfigurations = (
				7D9DC4341899C6C10046E107 /* Debug */,
				7D9DC4351899C6C10046E107 /* Release */,
			);
			defaultConfigurationIsVisible = 0;
			defaultConfigurationName = Release;
		};
/* End XCConfigurationList section */
	};
	rootObject = 7D9DC3FC1899C6C10046E107 /* Project object */;
}
